
Microsoft Visual Studio Solution File, Format Version 12.00
# Visual Studio 15
VisualStudioVersion = 15.0.26403.0
MinimumVisualStudioVersion = 10.0.40219.1
Project("{2150E333-8FDC-42A3-9474-1A3956D46DE8}") = "SolutionItems", "SolutionItems", "{F827AEE3-5363-475B-A8DD-0F5AEE50ACDE}"
	ProjectSection(SolutionItems) = preProject
		..\.gitattributes = ..\.gitattributes
		..\.gitignore = ..\.gitignore
		..\alpha.txt = ..\alpha.txt
		..\LICENSE = ..\LICENSE
		..\README.md = ..\README.md
	EndProjectSection
EndProject
Project("{2150E333-8FDC-42A3-9474-1A3956D46DE8}") = "Resources", "Resources", "{B0E9EC3F-94E5-4DBC-96E1-29EDEA270469}"
	ProjectSection(SolutionItems) = preProject
		..\Resources\pyxis.ai = ..\Resources\pyxis.ai
	EndProjectSection
EndProject
Project("{FAE04EC0-301F-11D3-BF4B-00C04F79EFBC}") = "Pyxis", "Pyxis\Pyxis.csproj", "{9840D8EE-FABB-4DC9-91C2-0651EB91EF9D}"
EndProject
Project("{FAE04EC0-301F-11D3-BF4B-00C04F79EFBC}") = "PyxisControls", "PyxisControls\Source\PyxisControls\PyxisControls.csproj", "{09967F4C-74CE-4528-8CBF-C8C214F2D202}"
EndProject
Project("{FAE04EC0-301F-11D3-BF4B-00C04F79EFBC}") = "PyxisControls.Extend", "PyxisControls\Source\PyxisControls.Extend\PyxisControls.Extend.csproj", "{0300027B-E43C-4E31-8264-EA92BEE574C7}"
EndProject
Global
	GlobalSection(SolutionConfigurationPlatforms) = preSolution
		Debug|Any CPU = Debug|Any CPU
		Debug|ARM = Debug|ARM
		Debug|x64 = Debug|x64
		Debug|x86 = Debug|x86
		Release|Any CPU = Release|Any CPU
		Release|ARM = Release|ARM
		Release|x64 = Release|x64
		Release|x86 = Release|x86
	EndGlobalSection
	GlobalSection(ProjectConfigurationPlatforms) = postSolution
		{9840D8EE-FABB-4DC9-91C2-0651EB91EF9D}.Debug|Any CPU.ActiveCfg = Debug|x86
		{9840D8EE-FABB-4DC9-91C2-0651EB91EF9D}.Debug|Any CPU.Build.0 = Debug|x86
		{9840D8EE-FABB-4DC9-91C2-0651EB91EF9D}.Debug|Any CPU.Deploy.0 = Debug|x86
		{9840D8EE-FABB-4DC9-91C2-0651EB91EF9D}.Debug|ARM.ActiveCfg = Debug|ARM
		{9840D8EE-FABB-4DC9-91C2-0651EB91EF9D}.Debug|ARM.Build.0 = Debug|ARM
		{9840D8EE-FABB-4DC9-91C2-0651EB91EF9D}.Debug|ARM.Deploy.0 = Debug|ARM
		{9840D8EE-FABB-4DC9-91C2-0651EB91EF9D}.Debug|x64.ActiveCfg = Debug|x64
		{9840D8EE-FABB-4DC9-91C2-0651EB91EF9D}.Debug|x64.Build.0 = Debug|x64
		{9840D8EE-FABB-4DC9-91C2-0651EB91EF9D}.Debug|x64.Deploy.0 = Debug|x64
		{9840D8EE-FABB-4DC9-91C2-0651EB91EF9D}.Debug|x86.ActiveCfg = Debug|x86
		{9840D8EE-FABB-4DC9-91C2-0651EB91EF9D}.Debug|x86.Build.0 = Debug|x86
		{9840D8EE-FABB-4DC9-91C2-0651EB91EF9D}.Debug|x86.Deploy.0 = Debug|x86
		{9840D8EE-FABB-4DC9-91C2-0651EB91EF9D}.Release|Any CPU.ActiveCfg = Release|x86
		{9840D8EE-FABB-4DC9-91C2-0651EB91EF9D}.Release|ARM.ActiveCfg = Release|ARM
		{9840D8EE-FABB-4DC9-91C2-0651EB91EF9D}.Release|ARM.Build.0 = Release|ARM
		{9840D8EE-FABB-4DC9-91C2-0651EB91EF9D}.Release|ARM.Deploy.0 = Release|ARM
		{9840D8EE-FABB-4DC9-91C2-0651EB91EF9D}.Release|x64.ActiveCfg = Release|x64
		{9840D8EE-FABB-4DC9-91C2-0651EB91EF9D}.Release|x64.Build.0 = Release|x64
		{9840D8EE-FABB-4DC9-91C2-0651EB91EF9D}.Release|x64.Deploy.0 = Release|x64
		{9840D8EE-FABB-4DC9-91C2-0651EB91EF9D}.Release|x86.ActiveCfg = Release|x86
		{9840D8EE-FABB-4DC9-91C2-0651EB91EF9D}.Release|x86.Build.0 = Release|x86
		{9840D8EE-FABB-4DC9-91C2-0651EB91EF9D}.Release|x86.Deploy.0 = Release|x86
		{09967F4C-74CE-4528-8CBF-C8C214F2D202}.Debug|Any CPU.ActiveCfg = Debug|Any CPU
		{09967F4C-74CE-4528-8CBF-C8C214F2D202}.Debug|Any CPU.Build.0 = Debug|Any CPU
		{09967F4C-74CE-4528-8CBF-C8C214F2D202}.Debug|ARM.ActiveCfg = Debug|ARM
		{09967F4C-74CE-4528-8CBF-C8C214F2D202}.Debug|ARM.Build.0 = Debug|ARM
		{09967F4C-74CE-4528-8CBF-C8C214F2D202}.Debug|x64.ActiveCfg = Debug|x64
		{09967F4C-74CE-4528-8CBF-C8C214F2D202}.Debug|x64.Build.0 = Debug|x64
		{09967F4C-74CE-4528-8CBF-C8C214F2D202}.Debug|x86.ActiveCfg = Debug|x86
		{09967F4C-74CE-4528-8CBF-C8C214F2D202}.Debug|x86.Build.0 = Debug|x86
		{09967F4C-74CE-4528-8CBF-C8C214F2D202}.Release|Any CPU.ActiveCfg = Release|Any CPU
		{09967F4C-74CE-4528-8CBF-C8C214F2D202}.Release|Any CPU.Build.0 = Release|Any CPU
		{09967F4C-74CE-4528-8CBF-C8C214F2D202}.Release|ARM.ActiveCfg = Release|ARM
		{09967F4C-74CE-4528-8CBF-C8C214F2D202}.Release|ARM.Build.0 = Release|ARM
		{09967F4C-74CE-4528-8CBF-C8C214F2D202}.Release|x64.ActiveCfg = Release|x64
		{09967F4C-74CE-4528-8CBF-C8C214F2D202}.Release|x64.Build.0 = Release|x64
		{09967F4C-74CE-4528-8CBF-C8C214F2D202}.Release|x86.ActiveCfg = Release|x86
		{09967F4C-74CE-4528-8CBF-C8C214F2D202}.Release|x86.Build.0 = Release|x86
		{0300027B-E43C-4E31-8264-EA92BEE574C7}.Debug|Any CPU.ActiveCfg = Debug|Any CPU
		{0300027B-E43C-4E31-8264-EA92BEE574C7}.Debug|Any CPU.Build.0 = Debug|Any CPU
		{0300027B-E43C-4E31-8264-EA92BEE574C7}.Debug|ARM.ActiveCfg = Debug|ARM
		{0300027B-E43C-4E31-8264-EA92BEE574C7}.Debug|ARM.Build.0 = Debug|ARM
		{0300027B-E43C-4E31-8264-EA92BEE574C7}.Debug|x64.ActiveCfg = Debug|x64
		{0300027B-E43C-4E31-8264-EA92BEE574C7}.Debug|x64.Build.0 = Debug|x64
		{0300027B-E43C-4E31-8264-EA92BEE574C7}.Debug|x86.ActiveCfg = Debug|x86
		{0300027B-E43C-4E31-8264-EA92BEE574C7}.Debug|x86.Build.0 = Debug|x86
		{0300027B-E43C-4E31-8264-EA92BEE574C7}.Release|Any CPU.ActiveCfg = Release|Any CPU
		{0300027B-E43C-4E31-8264-EA92BEE574C7}.Release|Any CPU.Build.0 = Release|Any CPU
		{0300027B-E43C-4E31-8264-EA92BEE574C7}.Release|ARM.ActiveCfg = Release|ARM
		{0300027B-E43C-4E31-8264-EA92BEE574C7}.Release|ARM.Build.0 = Release|ARM
		{0300027B-E43C-4E31-8264-EA92BEE574C7}.Release|x64.ActiveCfg = Release|x64
		{0300027B-E43C-4E31-8264-EA92BEE574C7}.Release|x64.Build.0 = Release|x64
		{0300027B-E43C-4E31-8264-EA92BEE574C7}.Release|x86.ActiveCfg = Release|x86
		{0300027B-E43C-4E31-8264-EA92BEE574C7}.Release|x86.Build.0 = Release|x86
	EndGlobalSection
	GlobalSection(SolutionProperties) = preSolution
		HideSolutionNode = FALSE
	EndGlobalSection
	GlobalSection(NestedProjects) = preSolution
		{B0E9EC3F-94E5-4DBC-96E1-29EDEA270469} = {F827AEE3-5363-475B-A8DD-0F5AEE50ACDE}
	EndGlobalSection
	GlobalSection(ExtensibilityGlobals) = postSolution
		SolutionGuid = {D72C92B7-CCA2-4DEE-BC0E-BE12C40E3DC5}
	EndGlobalSection
EndGlobal
